
Microsoft Visual Studio Solution File, Format Version 12.00
# Visual Studio 14
VisualStudioVersion = 14.0.23107.0
MinimumVisualStudioVersion = 10.0.40219.1
Project("{FAE04EC0-301F-11D3-BF4B-00C04F79EFBC}") = "IpGeoBlock", "IpGeoBlock\IpGeoBlock.csproj", "{CBD74A70-A721-4CA3-8995-9079B0A1362B}"
EndProject
Project("{2150E333-8FDC-42A3-9474-1A3956D46DE8}") = "Middleware", "Middleware", "{ABDC32CF-E61A-46CA-A277-8C497D96F8F1}"
EndProject
Project("{2150E333-8FDC-42A3-9474-1A3956D46DE8}") = "Tests", "Tests", "{E4DAD288-78EC-489E-9099-62A10C281FAA}"
EndProject
Project("{FAE04EC0-301F-11D3-BF4B-00C04F79EFBC}") = "IpGeoBlockTests", "IpGeoBlockTests\IpGeoBlockTests.csproj", "{9FE2EF75-143C-4BC0-B385-6357627FC54D}"
EndProject
Project("{FAE04EC0-301F-11D3-BF4B-00C04F79EFBC}") = "Frameguard", "Frameguard\Frameguard.csproj", "{2D6776F2-2C98-43A1-B8D3-BC2D952BACFD}"
EndProject
Project("{FAE04EC0-301F-11D3-BF4B-00C04F79EFBC}") = "SampleApp", "SampleApp\SampleApp.csproj", "{45CC685C-68D2-4BC4-A6AD-FD9A17B4940A}"
EndProject
Project("{FAE04EC0-301F-11D3-BF4B-00C04F79EFBC}") = "FrameguardTests", "FrameguardTests\FrameguardTests.csproj", "{E34A7730-2AB8-462D-9566-AE1EE6CF08DC}"
EndProject
Project("{FAE04EC0-301F-11D3-BF4B-00C04F79EFBC}") = "XssFilter", "XssFilter\XssFilter.csproj", "{E1CF30BD-7B40-43EC-9607-6FD773CEB47C}"
EndProject
Project("{FAE04EC0-301F-11D3-BF4B-00C04F79EFBC}") = "XssFilterTests", "XssFilterTests\XssFilterTests.csproj", "{4D916748-1B05-4168-82AF-2DBC9C187D5F}"
EndProject
Global
	GlobalSection(SolutionConfigurationPlatforms) = preSolution
		Debug|Any CPU = Debug|Any CPU
		Release|Any CPU = Release|Any CPU
	EndGlobalSection
	GlobalSection(ProjectConfigurationPlatforms) = postSolution
		{CBD74A70-A721-4CA3-8995-9079B0A1362B}.Debug|Any CPU.ActiveCfg = Debug|Any CPU
		{CBD74A70-A721-4CA3-8995-9079B0A1362B}.Debug|Any CPU.Build.0 = Debug|Any CPU
		{CBD74A70-A721-4CA3-8995-9079B0A1362B}.Release|Any CPU.ActiveCfg = Release|Any CPU
		{CBD74A70-A721-4CA3-8995-9079B0A1362B}.Release|Any CPU.Build.0 = Release|Any CPU
		{9FE2EF75-143C-4BC0-B385-6357627FC54D}.Debug|Any CPU.ActiveCfg = Debug|Any CPU
		{9FE2EF75-143C-4BC0-B385-6357627FC54D}.Debug|Any CPU.Build.0 = Debug|Any CPU
		{9FE2EF75-143C-4BC0-B385-6357627FC54D}.Release|Any CPU.ActiveCfg = Release|Any CPU
		{9FE2EF75-143C-4BC0-B385-6357627FC54D}.Release|Any CPU.Build.0 = Release|Any CPU
		{2D6776F2-2C98-43A1-B8D3-BC2D952BACFD}.Debug|Any CPU.ActiveCfg = Debug|Any CPU
		{2D6776F2-2C98-43A1-B8D3-BC2D952BACFD}.Debug|Any CPU.Build.0 = Debug|Any CPU
		{2D6776F2-2C98-43A1-B8D3-BC2D952BACFD}.Release|Any CPU.ActiveCfg = Release|Any CPU
		{2D6776F2-2C98-43A1-B8D3-BC2D952BACFD}.Release|Any CPU.Build.0 = Release|Any CPU
		{45CC685C-68D2-4BC4-A6AD-FD9A17B4940A}.Debug|Any CPU.ActiveCfg = Debug|Any CPU
		{45CC685C-68D2-4BC4-A6AD-FD9A17B4940A}.Debug|Any CPU.Build.0 = Debug|Any CPU
		{45CC685C-68D2-4BC4-A6AD-FD9A17B4940A}.Release|Any CPU.ActiveCfg = Release|Any CPU
		{45CC685C-68D2-4BC4-A6AD-FD9A17B4940A}.Release|Any CPU.Build.0 = Release|Any CPU
		{E34A7730-2AB8-462D-9566-AE1EE6CF08DC}.Debug|Any CPU.ActiveCfg = Debug|Any CPU
		{E34A7730-2AB8-462D-9566-AE1EE6CF08DC}.Debug|Any CPU.Build.0 = Debug|Any CPU
		{E34A7730-2AB8-462D-9566-AE1EE6CF08DC}.Release|Any CPU.ActiveCfg = Release|Any CPU
		{E34A7730-2AB8-462D-9566-AE1EE6CF08DC}.Release|Any CPU.Build.0 = Release|Any CPU
		{E1CF30BD-7B40-43EC-9607-6FD773CEB47C}.Debug|Any CPU.ActiveCfg = Debug|Any CPU
		{E1CF30BD-7B40-43EC-9607-6FD773CEB47C}.Debug|Any CPU.Build.0 = Debug|Any CPU
		{E1CF30BD-7B40-43EC-9607-6FD773CEB47C}.Release|Any CPU.ActiveCfg = Release|Any CPU
		{E1CF30BD-7B40-43EC-9607-6FD773CEB47C}.Release|Any CPU.Build.0 = Release|Any CPU
		{4D916748-1B05-4168-82AF-2DBC9C187D5F}.Debug|Any CPU.ActiveCfg = Debug|Any CPU
		{4D916748-1B05-4168-82AF-2DBC9C187D5F}.Debug|Any CPU.Build.0 = Debug|Any CPU
		{4D916748-1B05-4168-82AF-2DBC9C187D5F}.Release|Any CPU.ActiveCfg = Release|Any CPU
		{4D916748-1B05-4168-82AF-2DBC9C187D5F}.Release|Any CPU.Build.0 = Release|Any CPU
	EndGlobalSection
	GlobalSection(SolutionProperties) = preSolution
		HideSolutionNode = FALSE
	EndGlobalSection
	GlobalSection(NestedProjects) = preSolution
		{CBD74A70-A721-4CA3-8995-9079B0A1362B} = {ABDC32CF-E61A-46CA-A277-8C497D96F8F1}
		{9FE2EF75-143C-4BC0-B385-6357627FC54D} = {E4DAD288-78EC-489E-9099-62A10C281FAA}
		{2D6776F2-2C98-43A1-B8D3-BC2D952BACFD} = {ABDC32CF-E61A-46CA-A277-8C497D96F8F1}
		{E34A7730-2AB8-462D-9566-AE1EE6CF08DC} = {E4DAD288-78EC-489E-9099-62A10C281FAA}
		{E1CF30BD-7B40-43EC-9607-6FD773CEB47C} = {ABDC32CF-E61A-46CA-A277-8C497D96F8F1}
		{4D916748-1B05-4168-82AF-2DBC9C187D5F} = {E4DAD288-78EC-489E-9099-62A10C281FAA}
	EndGlobalSection
EndGlobal
