
Microsoft Visual Studio Solution File, Format Version 12.00
# Visual Studio 14
VisualStudioVersion = 14.0.23107.0
MinimumVisualStudioVersion = 10.0.40219.1
Project("{FAE04EC0-301F-11D3-BF4B-00C04F79EFBC}") = "IpGeoBlock", "IpGeoBlock\IpGeoBlock.csproj", "{CBD74A70-A721-4CA3-8995-9079B0A1362B}"
EndProject
Project("{2150E333-8FDC-42A3-9474-1A3956D46DE8}") = "Middleware", "Middleware", "{ABDC32CF-E61A-46CA-A277-8C497D96F8F1}"
EndProject
Project("{2150E333-8FDC-42A3-9474-1A3956D46DE8}") = "Tests", "Tests", "{E4DAD288-78EC-489E-9099-62A10C281FAA}"
EndProject
Project("{FAE04EC0-301F-11D3-BF4B-00C04F79EFBC}") = "IpGeoBlockTests", "IpGeoBlockTests\IpGeoBlockTests.csproj", "{9FE2EF75-143C-4BC0-B385-6357627FC54D}"
EndProject
Global
	GlobalSection(SolutionConfigurationPlatforms) = preSolution
		Debug|Any CPU = Debug|Any CPU
		Release|Any CPU = Release|Any CPU
	EndGlobalSection
	GlobalSection(ProjectConfigurationPlatforms) = postSolution
		{CBD74A70-A721-4CA3-8995-9079B0A1362B}.Debug|Any CPU.ActiveCfg = Debug|Any CPU
		{CBD74A70-A721-4CA3-8995-9079B0A1362B}.Debug|Any CPU.Build.0 = Debug|Any CPU
		{CBD74A70-A721-4CA3-8995-9079B0A1362B}.Release|Any CPU.ActiveCfg = Release|Any CPU
		{CBD74A70-A721-4CA3-8995-9079B0A1362B}.Release|Any CPU.Build.0 = Release|Any CPU
		{9FE2EF75-143C-4BC0-B385-6357627FC54D}.Debug|Any CPU.ActiveCfg = Debug|Any CPU
		{9FE2EF75-143C-4BC0-B385-6357627FC54D}.Debug|Any CPU.Build.0 = Debug|Any CPU
		{9FE2EF75-143C-4BC0-B385-6357627FC54D}.Release|Any CPU.ActiveCfg = Release|Any CPU
		{9FE2EF75-143C-4BC0-B385-6357627FC54D}.Release|Any CPU.Build.0 = Release|Any CPU
	EndGlobalSection
	GlobalSection(SolutionProperties) = preSolution
		HideSolutionNode = FALSE
	EndGlobalSection
	GlobalSection(NestedProjects) = preSolution
		{CBD74A70-A721-4CA3-8995-9079B0A1362B} = {ABDC32CF-E61A-46CA-A277-8C497D96F8F1}
		{9FE2EF75-143C-4BC0-B385-6357627FC54D} = {E4DAD288-78EC-489E-9099-62A10C281FAA}
	EndGlobalSection
EndGlobal
